
Microsoft Visual Studio Solution File, Format Version 12.00
# Visual Studio 15
VisualStudioVersion = 15.0.28307.779
MinimumVisualStudioVersion = 10.0.40219.1
Project("{FAE04EC0-301F-11D3-BF4B-00C04F79EFBC}") = "ExpressaoCalc.App", "ExpressaoCalc.App\ExpressaoCalc.App.csproj", "{9C7105B9-D988-4A5E-9760-4281CA854E0D}"
EndProject
Project("{FAE04EC0-301F-11D3-BF4B-00C04F79EFBC}") = "ExpressaoCalc.Test", "ExpressaoCalc.Test\ExpressaoCalc.Test.csproj", "{FD024AED-9692-46FD-8763-E242CF02E91F}"
EndProject
Global
	GlobalSection(SolutionConfigurationPlatforms) = preSolution
		Debug|Any CPU = Debug|Any CPU
		Release|Any CPU = Release|Any CPU
	EndGlobalSection
	GlobalSection(ProjectConfigurationPlatforms) = postSolution
		{9C7105B9-D988-4A5E-9760-4281CA854E0D}.Debug|Any CPU.ActiveCfg = Debug|Any CPU
		{9C7105B9-D988-4A5E-9760-4281CA854E0D}.Debug|Any CPU.Build.0 = Debug|Any CPU
		{9C7105B9-D988-4A5E-9760-4281CA854E0D}.Release|Any CPU.ActiveCfg = Release|Any CPU
		{9C7105B9-D988-4A5E-9760-4281CA854E0D}.Release|Any CPU.Build.0 = Release|Any CPU
		{FD024AED-9692-46FD-8763-E242CF02E91F}.Debug|Any CPU.ActiveCfg = Debug|Any CPU
		{FD024AED-9692-46FD-8763-E242CF02E91F}.Debug|Any CPU.Build.0 = Debug|Any CPU
		{FD024AED-9692-46FD-8763-E242CF02E91F}.Release|Any CPU.ActiveCfg = Release|Any CPU
		{FD024AED-9692-46FD-8763-E242CF02E91F}.Release|Any CPU.Build.0 = Release|Any CPU
	EndGlobalSection
	GlobalSection(SolutionProperties) = preSolution
		HideSolutionNode = FALSE
	EndGlobalSection
	GlobalSection(ExtensibilityGlobals) = postSolution
		SolutionGuid = {386BAD00-2CF9-4386-855C-151B21DA8B92}
	EndGlobalSection
EndGlobal
